
Microsoft Visual Studio Solution File, Format Version 12.00
# Visual Studio 2012
Project("{2150E333-8FDC-42A3-9474-1A3956D46DE8}") = "UnitTests", "UnitTests", "{0F1AB980-5354-49C4-8BFB-5E01F5FAFC63}"
EndProject
Project("{FAE04EC0-301F-11D3-BF4B-00C04F79EFBC}") = "Lex.Db.Sync.Net45", "Lex.Db.Sync\Lex.Db.Sync.Net45.csproj", "{4607C2D9-9C68-4B42-A635-2D3A90A83E07}"
EndProject
Project("{FAE04EC0-301F-11D3-BF4B-00C04F79EFBC}") = "Lex.Db.Sync.Tests.WinRT", "Lex.Db.Sync.Tests\WinRT\Lex.Db.Sync.Tests.WinRT.csproj", "{74ACFD59-3CBA-4C1F-B39C-A48598CE8057}"
EndProject
Project("{FAE04EC0-301F-11D3-BF4B-00C04F79EFBC}") = "Lex.Db.Sync.Tests.Net45", "Lex.Db.Sync.Tests\Net45\Lex.Db.Sync.Tests.Net45.csproj", "{F4D8D456-3947-4607-8EC0-4A77CC13BEF3}"
EndProject
Project("{FAE04EC0-301F-11D3-BF4B-00C04F79EFBC}") = "Lex.Db.Sync.Tests.SL5", "Lex.Db.Sync.Tests\SL5\Lex.Db.Sync.Tests.SL5.csproj", "{F92C10D3-FE1D-4B1A-9965-0DD5D13410F5}"
EndProject
Project("{2150E333-8FDC-42A3-9474-1A3956D46DE8}") = "Platforms", "Platforms", "{B6C1BC4C-4067-426D-90D3-E7ECBA58C49B}"
EndProject
Project("{FAE04EC0-301F-11D3-BF4B-00C04F79EFBC}") = "Lex.Db.Sync.Tests.WP8", "Lex.Db.Sync.Tests\WP8\Lex.Db.Sync.Tests.WP8.csproj", "{193594B1-D63A-4D59-AE59-98D77445BA45}"
EndProject
Project("{FAE04EC0-301F-11D3-BF4B-00C04F79EFBC}") = "Lex.Db.Sync.Tests.Net4", "Lex.Db.Sync.Tests\Net4\Lex.Db.Sync.Tests.Net4.csproj", "{4F487386-BE8A-4121-A545-5EFBB99ADFC6}"
EndProject
Project("{2150E333-8FDC-42A3-9474-1A3956D46DE8}") = ".nuget", ".nuget", "{0760D8B1-BE80-4CFB-950C-51C26FEC6BB7}"
	ProjectSection(SolutionItems) = preProject
		.nuget\NuGet.Config = .nuget\NuGet.Config
		.nuget\NuGet.exe = .nuget\NuGet.exe
		.nuget\NuGet.targets = .nuget\NuGet.targets
	EndProjectSection
EndProject
Project("{FAE04EC0-301F-11D3-BF4B-00C04F79EFBC}") = "Lex.Db.Server", "Lex.Db.Sync.Tests\Server\Lex.Db.Server.csproj", "{7CE5FD93-E557-4FEC-915A-1C082F9C7F19}"
EndProject
Project("{FAE04EC0-301F-11D3-BF4B-00C04F79EFBC}") = "Lex.Db.Sync.Net4", "Lex.Db.Sync\Lex.Db.Sync.Net4.csproj", "{0321BB7B-55CB-4473-A101-E4148C01DC94}"
EndProject
Project("{FAE04EC0-301F-11D3-BF4B-00C04F79EFBC}") = "Lex.Db.Sync.SL5", "Lex.Db.Sync\Lex.Db.Sync.SL5.csproj", "{3CA2D84D-1ED4-4DAD-8B0D-61A865B81F46}"
EndProject
Project("{FAE04EC0-301F-11D3-BF4B-00C04F79EFBC}") = "Lex.Db.Sync.WinRT", "Lex.Db.Sync\Lex.Db.Sync.WinRT.csproj", "{13702FF3-1B4A-4586-94A4-770B11A52D33}"
EndProject
Project("{FAE04EC0-301F-11D3-BF4B-00C04F79EFBC}") = "Lex.Db.Sync.WP8", "Lex.Db.Sync\Lex.Db.Sync.WP8.csproj", "{BA947562-4564-458A-8DCB-F6A8972A5C94}"
EndProject
Global
	GlobalSection(SolutionConfigurationPlatforms) = preSolution
		Debug|Any CPU = Debug|Any CPU
		Debug|ARM = Debug|ARM
		Debug|x64 = Debug|x64
		Debug|x86 = Debug|x86
		Release|Any CPU = Release|Any CPU
		Release|ARM = Release|ARM
		Release|x64 = Release|x64
		Release|x86 = Release|x86
	EndGlobalSection
	GlobalSection(ProjectConfigurationPlatforms) = postSolution
		{4607C2D9-9C68-4B42-A635-2D3A90A83E07}.Debug|Any CPU.ActiveCfg = Debug|Any CPU
		{4607C2D9-9C68-4B42-A635-2D3A90A83E07}.Debug|Any CPU.Build.0 = Debug|Any CPU
		{4607C2D9-9C68-4B42-A635-2D3A90A83E07}.Debug|ARM.ActiveCfg = Debug|Any CPU
		{4607C2D9-9C68-4B42-A635-2D3A90A83E07}.Debug|x64.ActiveCfg = Debug|Any CPU
		{4607C2D9-9C68-4B42-A635-2D3A90A83E07}.Debug|x86.ActiveCfg = Debug|Any CPU
		{4607C2D9-9C68-4B42-A635-2D3A90A83E07}.Release|Any CPU.ActiveCfg = Release|Any CPU
		{4607C2D9-9C68-4B42-A635-2D3A90A83E07}.Release|Any CPU.Build.0 = Release|Any CPU
		{4607C2D9-9C68-4B42-A635-2D3A90A83E07}.Release|ARM.ActiveCfg = Release|Any CPU
		{4607C2D9-9C68-4B42-A635-2D3A90A83E07}.Release|x64.ActiveCfg = Release|Any CPU
		{4607C2D9-9C68-4B42-A635-2D3A90A83E07}.Release|x86.ActiveCfg = Release|Any CPU
		{74ACFD59-3CBA-4C1F-B39C-A48598CE8057}.Debug|Any CPU.ActiveCfg = Debug|Any CPU
		{74ACFD59-3CBA-4C1F-B39C-A48598CE8057}.Debug|Any CPU.Build.0 = Debug|Any CPU
		{74ACFD59-3CBA-4C1F-B39C-A48598CE8057}.Debug|Any CPU.Deploy.0 = Debug|Any CPU
		{74ACFD59-3CBA-4C1F-B39C-A48598CE8057}.Debug|ARM.ActiveCfg = Debug|ARM
		{74ACFD59-3CBA-4C1F-B39C-A48598CE8057}.Debug|ARM.Build.0 = Debug|ARM
		{74ACFD59-3CBA-4C1F-B39C-A48598CE8057}.Debug|ARM.Deploy.0 = Debug|ARM
		{74ACFD59-3CBA-4C1F-B39C-A48598CE8057}.Debug|x64.ActiveCfg = Debug|x64
		{74ACFD59-3CBA-4C1F-B39C-A48598CE8057}.Debug|x64.Build.0 = Debug|x64
		{74ACFD59-3CBA-4C1F-B39C-A48598CE8057}.Debug|x64.Deploy.0 = Debug|x64
		{74ACFD59-3CBA-4C1F-B39C-A48598CE8057}.Debug|x86.ActiveCfg = Debug|x86
		{74ACFD59-3CBA-4C1F-B39C-A48598CE8057}.Debug|x86.Build.0 = Debug|x86
		{74ACFD59-3CBA-4C1F-B39C-A48598CE8057}.Debug|x86.Deploy.0 = Debug|x86
		{74ACFD59-3CBA-4C1F-B39C-A48598CE8057}.Release|Any CPU.ActiveCfg = Release|Any CPU
		{74ACFD59-3CBA-4C1F-B39C-A48598CE8057}.Release|Any CPU.Build.0 = Release|Any CPU
		{74ACFD59-3CBA-4C1F-B39C-A48598CE8057}.Release|Any CPU.Deploy.0 = Release|Any CPU
		{74ACFD59-3CBA-4C1F-B39C-A48598CE8057}.Release|ARM.ActiveCfg = Release|ARM
		{74ACFD59-3CBA-4C1F-B39C-A48598CE8057}.Release|ARM.Build.0 = Release|ARM
		{74ACFD59-3CBA-4C1F-B39C-A48598CE8057}.Release|ARM.Deploy.0 = Release|ARM
		{74ACFD59-3CBA-4C1F-B39C-A48598CE8057}.Release|x64.ActiveCfg = Release|x64
		{74ACFD59-3CBA-4C1F-B39C-A48598CE8057}.Release|x64.Build.0 = Release|x64
		{74ACFD59-3CBA-4C1F-B39C-A48598CE8057}.Release|x64.Deploy.0 = Release|x64
		{74ACFD59-3CBA-4C1F-B39C-A48598CE8057}.Release|x86.ActiveCfg = Release|x86
		{74ACFD59-3CBA-4C1F-B39C-A48598CE8057}.Release|x86.Build.0 = Release|x86
		{74ACFD59-3CBA-4C1F-B39C-A48598CE8057}.Release|x86.Deploy.0 = Release|x86
		{F4D8D456-3947-4607-8EC0-4A77CC13BEF3}.Debug|Any CPU.ActiveCfg = Debug|Any CPU
		{F4D8D456-3947-4607-8EC0-4A77CC13BEF3}.Debug|Any CPU.Build.0 = Debug|Any CPU
		{F4D8D456-3947-4607-8EC0-4A77CC13BEF3}.Debug|ARM.ActiveCfg = Debug|Any CPU
		{F4D8D456-3947-4607-8EC0-4A77CC13BEF3}.Debug|x64.ActiveCfg = Debug|Any CPU
		{F4D8D456-3947-4607-8EC0-4A77CC13BEF3}.Debug|x86.ActiveCfg = Debug|Any CPU
		{F4D8D456-3947-4607-8EC0-4A77CC13BEF3}.Release|Any CPU.ActiveCfg = Release|Any CPU
		{F4D8D456-3947-4607-8EC0-4A77CC13BEF3}.Release|Any CPU.Build.0 = Release|Any CPU
		{F4D8D456-3947-4607-8EC0-4A77CC13BEF3}.Release|ARM.ActiveCfg = Release|Any CPU
		{F4D8D456-3947-4607-8EC0-4A77CC13BEF3}.Release|x64.ActiveCfg = Release|Any CPU
		{F4D8D456-3947-4607-8EC0-4A77CC13BEF3}.Release|x86.ActiveCfg = Release|Any CPU
		{F92C10D3-FE1D-4B1A-9965-0DD5D13410F5}.Debug|Any CPU.ActiveCfg = Debug|Any CPU
		{F92C10D3-FE1D-4B1A-9965-0DD5D13410F5}.Debug|Any CPU.Build.0 = Debug|Any CPU
		{F92C10D3-FE1D-4B1A-9965-0DD5D13410F5}.Debug|ARM.ActiveCfg = Debug|Any CPU
		{F92C10D3-FE1D-4B1A-9965-0DD5D13410F5}.Debug|x64.ActiveCfg = Debug|Any CPU
		{F92C10D3-FE1D-4B1A-9965-0DD5D13410F5}.Debug|x86.ActiveCfg = Debug|Any CPU
		{F92C10D3-FE1D-4B1A-9965-0DD5D13410F5}.Release|Any CPU.ActiveCfg = Release|Any CPU
		{F92C10D3-FE1D-4B1A-9965-0DD5D13410F5}.Release|Any CPU.Build.0 = Release|Any CPU
		{F92C10D3-FE1D-4B1A-9965-0DD5D13410F5}.Release|ARM.ActiveCfg = Release|Any CPU
		{F92C10D3-FE1D-4B1A-9965-0DD5D13410F5}.Release|x64.ActiveCfg = Release|Any CPU
		{F92C10D3-FE1D-4B1A-9965-0DD5D13410F5}.Release|x86.ActiveCfg = Release|Any CPU
		{193594B1-D63A-4D59-AE59-98D77445BA45}.Debug|Any CPU.ActiveCfg = Debug|Any CPU
		{193594B1-D63A-4D59-AE59-98D77445BA45}.Debug|Any CPU.Build.0 = Debug|Any CPU
		{193594B1-D63A-4D59-AE59-98D77445BA45}.Debug|Any CPU.Deploy.0 = Debug|Any CPU
		{193594B1-D63A-4D59-AE59-98D77445BA45}.Debug|ARM.ActiveCfg = Debug|ARM
		{193594B1-D63A-4D59-AE59-98D77445BA45}.Debug|ARM.Build.0 = Debug|ARM
		{193594B1-D63A-4D59-AE59-98D77445BA45}.Debug|ARM.Deploy.0 = Debug|ARM
		{193594B1-D63A-4D59-AE59-98D77445BA45}.Debug|x64.ActiveCfg = Debug|Any CPU
		{193594B1-D63A-4D59-AE59-98D77445BA45}.Debug|x86.ActiveCfg = Debug|x86
		{193594B1-D63A-4D59-AE59-98D77445BA45}.Debug|x86.Build.0 = Debug|x86
		{193594B1-D63A-4D59-AE59-98D77445BA45}.Debug|x86.Deploy.0 = Debug|x86
		{193594B1-D63A-4D59-AE59-98D77445BA45}.Release|Any CPU.ActiveCfg = Release|Any CPU
		{193594B1-D63A-4D59-AE59-98D77445BA45}.Release|Any CPU.Build.0 = Release|Any CPU
		{193594B1-D63A-4D59-AE59-98D77445BA45}.Release|Any CPU.Deploy.0 = Release|Any CPU
		{193594B1-D63A-4D59-AE59-98D77445BA45}.Release|ARM.ActiveCfg = Release|ARM
		{193594B1-D63A-4D59-AE59-98D77445BA45}.Release|ARM.Build.0 = Release|ARM
		{193594B1-D63A-4D59-AE59-98D77445BA45}.Release|ARM.Deploy.0 = Release|ARM
		{193594B1-D63A-4D59-AE59-98D77445BA45}.Release|x64.ActiveCfg = Release|Any CPU
		{193594B1-D63A-4D59-AE59-98D77445BA45}.Release|x86.ActiveCfg = Release|x86
		{193594B1-D63A-4D59-AE59-98D77445BA45}.Release|x86.Build.0 = Release|x86
		{193594B1-D63A-4D59-AE59-98D77445BA45}.Release|x86.Deploy.0 = Release|x86
		{4F487386-BE8A-4121-A545-5EFBB99ADFC6}.Debug|Any CPU.ActiveCfg = Debug|Any CPU
		{4F487386-BE8A-4121-A545-5EFBB99ADFC6}.Debug|Any CPU.Build.0 = Debug|Any CPU
		{4F487386-BE8A-4121-A545-5EFBB99ADFC6}.Debug|ARM.ActiveCfg = Debug|Any CPU
		{4F487386-BE8A-4121-A545-5EFBB99ADFC6}.Debug|x64.ActiveCfg = Debug|Any CPU
		{4F487386-BE8A-4121-A545-5EFBB99ADFC6}.Debug|x86.ActiveCfg = Debug|Any CPU
		{4F487386-BE8A-4121-A545-5EFBB99ADFC6}.Release|Any CPU.ActiveCfg = Release|Any CPU
		{4F487386-BE8A-4121-A545-5EFBB99ADFC6}.Release|Any CPU.Build.0 = Release|Any CPU
		{4F487386-BE8A-4121-A545-5EFBB99ADFC6}.Release|ARM.ActiveCfg = Release|Any CPU
		{4F487386-BE8A-4121-A545-5EFBB99ADFC6}.Release|x64.ActiveCfg = Release|Any CPU
		{4F487386-BE8A-4121-A545-5EFBB99ADFC6}.Release|x86.ActiveCfg = Release|Any CPU
		{7CE5FD93-E557-4FEC-915A-1C082F9C7F19}.Debug|Any CPU.ActiveCfg = Debug|Any CPU
		{7CE5FD93-E557-4FEC-915A-1C082F9C7F19}.Debug|Any CPU.Build.0 = Debug|Any CPU
		{7CE5FD93-E557-4FEC-915A-1C082F9C7F19}.Debug|ARM.ActiveCfg = Debug|Any CPU
		{7CE5FD93-E557-4FEC-915A-1C082F9C7F19}.Debug|x64.ActiveCfg = Debug|Any CPU
		{7CE5FD93-E557-4FEC-915A-1C082F9C7F19}.Debug|x86.ActiveCfg = Debug|Any CPU
		{7CE5FD93-E557-4FEC-915A-1C082F9C7F19}.Release|Any CPU.ActiveCfg = Release|Any CPU
		{7CE5FD93-E557-4FEC-915A-1C082F9C7F19}.Release|Any CPU.Build.0 = Release|Any CPU
		{7CE5FD93-E557-4FEC-915A-1C082F9C7F19}.Release|ARM.ActiveCfg = Release|Any CPU
		{7CE5FD93-E557-4FEC-915A-1C082F9C7F19}.Release|x64.ActiveCfg = Release|Any CPU
		{7CE5FD93-E557-4FEC-915A-1C082F9C7F19}.Release|x86.ActiveCfg = Release|Any CPU
		{0321BB7B-55CB-4473-A101-E4148C01DC94}.Debug|Any CPU.ActiveCfg = Debug|Any CPU
		{0321BB7B-55CB-4473-A101-E4148C01DC94}.Debug|Any CPU.Build.0 = Debug|Any CPU
		{0321BB7B-55CB-4473-A101-E4148C01DC94}.Debug|ARM.ActiveCfg = Debug|Any CPU
		{0321BB7B-55CB-4473-A101-E4148C01DC94}.Debug|x64.ActiveCfg = Debug|Any CPU
		{0321BB7B-55CB-4473-A101-E4148C01DC94}.Debug|x86.ActiveCfg = Debug|Any CPU
		{0321BB7B-55CB-4473-A101-E4148C01DC94}.Release|Any CPU.ActiveCfg = Release|Any CPU
		{0321BB7B-55CB-4473-A101-E4148C01DC94}.Release|Any CPU.Build.0 = Release|Any CPU
		{0321BB7B-55CB-4473-A101-E4148C01DC94}.Release|ARM.ActiveCfg = Release|Any CPU
		{0321BB7B-55CB-4473-A101-E4148C01DC94}.Release|x64.ActiveCfg = Release|Any CPU
		{0321BB7B-55CB-4473-A101-E4148C01DC94}.Release|x86.ActiveCfg = Release|Any CPU
		{3CA2D84D-1ED4-4DAD-8B0D-61A865B81F46}.Debug|Any CPU.ActiveCfg = Debug|Any CPU
		{3CA2D84D-1ED4-4DAD-8B0D-61A865B81F46}.Debug|Any CPU.Build.0 = Debug|Any CPU
		{3CA2D84D-1ED4-4DAD-8B0D-61A865B81F46}.Debug|ARM.ActiveCfg = Debug|Any CPU
		{3CA2D84D-1ED4-4DAD-8B0D-61A865B81F46}.Debug|x64.ActiveCfg = Debug|Any CPU
		{3CA2D84D-1ED4-4DAD-8B0D-61A865B81F46}.Debug|x86.ActiveCfg = Debug|Any CPU
		{3CA2D84D-1ED4-4DAD-8B0D-61A865B81F46}.Release|Any CPU.ActiveCfg = Release|Any CPU
		{3CA2D84D-1ED4-4DAD-8B0D-61A865B81F46}.Release|Any CPU.Build.0 = Release|Any CPU
		{3CA2D84D-1ED4-4DAD-8B0D-61A865B81F46}.Release|ARM.ActiveCfg = Release|Any CPU
		{3CA2D84D-1ED4-4DAD-8B0D-61A865B81F46}.Release|x64.ActiveCfg = Release|Any CPU
		{3CA2D84D-1ED4-4DAD-8B0D-61A865B81F46}.Release|x86.ActiveCfg = Release|Any CPU
		{13702FF3-1B4A-4586-94A4-770B11A52D33}.Debug|Any CPU.ActiveCfg = Debug|Any CPU
		{13702FF3-1B4A-4586-94A4-770B11A52D33}.Debug|Any CPU.Build.0 = Debug|Any CPU
		{13702FF3-1B4A-4586-94A4-770B11A52D33}.Debug|ARM.ActiveCfg = Debug|ARM
		{13702FF3-1B4A-4586-94A4-770B11A52D33}.Debug|ARM.Build.0 = Debug|ARM
		{13702FF3-1B4A-4586-94A4-770B11A52D33}.Debug|x64.ActiveCfg = Debug|x64
		{13702FF3-1B4A-4586-94A4-770B11A52D33}.Debug|x64.Build.0 = Debug|x64
		{13702FF3-1B4A-4586-94A4-770B11A52D33}.Debug|x86.ActiveCfg = Debug|x86
		{13702FF3-1B4A-4586-94A4-770B11A52D33}.Debug|x86.Build.0 = Debug|x86
		{13702FF3-1B4A-4586-94A4-770B11A52D33}.Release|Any CPU.ActiveCfg = Release|Any CPU
		{13702FF3-1B4A-4586-94A4-770B11A52D33}.Release|Any CPU.Build.0 = Release|Any CPU
		{13702FF3-1B4A-4586-94A4-770B11A52D33}.Release|ARM.ActiveCfg = Release|ARM
		{13702FF3-1B4A-4586-94A4-770B11A52D33}.Release|ARM.Build.0 = Release|ARM
		{13702FF3-1B4A-4586-94A4-770B11A52D33}.Release|x64.ActiveCfg = Release|x64
		{13702FF3-1B4A-4586-94A4-770B11A52D33}.Release|x64.Build.0 = Release|x64
		{13702FF3-1B4A-4586-94A4-770B11A52D33}.Release|x86.ActiveCfg = Release|x86
		{13702FF3-1B4A-4586-94A4-770B11A52D33}.Release|x86.Build.0 = Release|x86
		{BA947562-4564-458A-8DCB-F6A8972A5C94}.Debug|Any CPU.ActiveCfg = Debug|Any CPU
		{BA947562-4564-458A-8DCB-F6A8972A5C94}.Debug|Any CPU.Build.0 = Debug|Any CPU
		{BA947562-4564-458A-8DCB-F6A8972A5C94}.Debug|ARM.ActiveCfg = Debug|ARM
		{BA947562-4564-458A-8DCB-F6A8972A5C94}.Debug|ARM.Build.0 = Debug|ARM
		{BA947562-4564-458A-8DCB-F6A8972A5C94}.Debug|x64.ActiveCfg = Debug|Any CPU
		{BA947562-4564-458A-8DCB-F6A8972A5C94}.Debug|x86.ActiveCfg = Debug|x86
		{BA947562-4564-458A-8DCB-F6A8972A5C94}.Debug|x86.Build.0 = Debug|x86
		{BA947562-4564-458A-8DCB-F6A8972A5C94}.Release|Any CPU.ActiveCfg = Release|Any CPU
		{BA947562-4564-458A-8DCB-F6A8972A5C94}.Release|Any CPU.Build.0 = Release|Any CPU
		{BA947562-4564-458A-8DCB-F6A8972A5C94}.Release|ARM.ActiveCfg = Release|ARM
		{BA947562-4564-458A-8DCB-F6A8972A5C94}.Release|ARM.Build.0 = Release|ARM
		{BA947562-4564-458A-8DCB-F6A8972A5C94}.Release|x64.ActiveCfg = Release|Any CPU
		{BA947562-4564-458A-8DCB-F6A8972A5C94}.Release|x86.ActiveCfg = Release|x86
		{BA947562-4564-458A-8DCB-F6A8972A5C94}.Release|x86.Build.0 = Release|x86
	EndGlobalSection
	GlobalSection(SolutionProperties) = preSolution
		HideSolutionNode = FALSE
	EndGlobalSection
	GlobalSection(NestedProjects) = preSolution
		{7CE5FD93-E557-4FEC-915A-1C082F9C7F19} = {0F1AB980-5354-49C4-8BFB-5E01F5FAFC63}
		{4F487386-BE8A-4121-A545-5EFBB99ADFC6} = {0F1AB980-5354-49C4-8BFB-5E01F5FAFC63}
		{F4D8D456-3947-4607-8EC0-4A77CC13BEF3} = {0F1AB980-5354-49C4-8BFB-5E01F5FAFC63}
		{F92C10D3-FE1D-4B1A-9965-0DD5D13410F5} = {0F1AB980-5354-49C4-8BFB-5E01F5FAFC63}
		{74ACFD59-3CBA-4C1F-B39C-A48598CE8057} = {0F1AB980-5354-49C4-8BFB-5E01F5FAFC63}
		{193594B1-D63A-4D59-AE59-98D77445BA45} = {0F1AB980-5354-49C4-8BFB-5E01F5FAFC63}
		{4607C2D9-9C68-4B42-A635-2D3A90A83E07} = {B6C1BC4C-4067-426D-90D3-E7ECBA58C49B}
		{0321BB7B-55CB-4473-A101-E4148C01DC94} = {B6C1BC4C-4067-426D-90D3-E7ECBA58C49B}
		{3CA2D84D-1ED4-4DAD-8B0D-61A865B81F46} = {B6C1BC4C-4067-426D-90D3-E7ECBA58C49B}
		{13702FF3-1B4A-4586-94A4-770B11A52D33} = {B6C1BC4C-4067-426D-90D3-E7ECBA58C49B}
		{BA947562-4564-458A-8DCB-F6A8972A5C94} = {B6C1BC4C-4067-426D-90D3-E7ECBA58C49B}
	EndGlobalSection
	GlobalSection(ExtensibilityGlobals) = postSolution
		VisualSVNWorkingCopyRoot = .
	EndGlobalSection
EndGlobal
